
Microsoft Visual Studio Solution File, Format Version 12.00
# Visual Studio Version 17
VisualStudioVersion = 17.5.33627.172
MinimumVisualStudioVersion = 10.0.40219.1
Project("{9A19103F-16F7-4668-BE54-9A1E7A4F7556}") = "SupaLibrary", "SupaLibrary\SupaLibrary.csproj", "{6EF5BFB4-B151-4CDC-BDCB-E9263E54F776}"
EndProject
Project("{9A19103F-16F7-4668-BE54-9A1E7A4F7556}") = "WebbApp", "WebbApp\WebbApp.csproj", "{A3A38174-77F8-4248-9DEB-094442E2D19D}"
EndProject
Project("{2150E333-8FDC-42A3-9474-1A3956D46DE8}") = "Solution Items", "Solution Items", "{44382B56-34E0-4EA4-B1DB-266AA93B6020}"
	ProjectSection(SolutionItems) = preProject
		.gitignore = .gitignore
	EndProjectSection
EndProject
Project("{9A19103F-16F7-4668-BE54-9A1E7A4F7556}") = "BankApi", "BankApi\BankApi.csproj", "{F1AB35C3-EEAC-4F38-B750-899D50B19DB2}"
EndProject
Project("{9A19103F-16F7-4668-BE54-9A1E7A4F7556}") = "TransactionChecker", "TransactionChecker\TransactionChecker.csproj", "{6CE8A599-A8A2-499C-81C3-8259A92F4893}"
EndProject
Global
	GlobalSection(SolutionConfigurationPlatforms) = preSolution
		Debug|Any CPU = Debug|Any CPU
		Release|Any CPU = Release|Any CPU
	EndGlobalSection
	GlobalSection(ProjectConfigurationPlatforms) = postSolution
		{6EF5BFB4-B151-4CDC-BDCB-E9263E54F776}.Debug|Any CPU.ActiveCfg = Debug|Any CPU
		{6EF5BFB4-B151-4CDC-BDCB-E9263E54F776}.Debug|Any CPU.Build.0 = Debug|Any CPU
		{6EF5BFB4-B151-4CDC-BDCB-E9263E54F776}.Release|Any CPU.ActiveCfg = Release|Any CPU
		{6EF5BFB4-B151-4CDC-BDCB-E9263E54F776}.Release|Any CPU.Build.0 = Release|Any CPU
		{A3A38174-77F8-4248-9DEB-094442E2D19D}.Debug|Any CPU.ActiveCfg = Debug|Any CPU
		{A3A38174-77F8-4248-9DEB-094442E2D19D}.Debug|Any CPU.Build.0 = Debug|Any CPU
		{A3A38174-77F8-4248-9DEB-094442E2D19D}.Release|Any CPU.ActiveCfg = Release|Any CPU
		{A3A38174-77F8-4248-9DEB-094442E2D19D}.Release|Any CPU.Build.0 = Release|Any CPU
		{F1AB35C3-EEAC-4F38-B750-899D50B19DB2}.Debug|Any CPU.ActiveCfg = Debug|Any CPU
		{F1AB35C3-EEAC-4F38-B750-899D50B19DB2}.Debug|Any CPU.Build.0 = Debug|Any CPU
		{F1AB35C3-EEAC-4F38-B750-899D50B19DB2}.Release|Any CPU.ActiveCfg = Release|Any CPU
		{F1AB35C3-EEAC-4F38-B750-899D50B19DB2}.Release|Any CPU.Build.0 = Release|Any CPU
		{6CE8A599-A8A2-499C-81C3-8259A92F4893}.Debug|Any CPU.ActiveCfg = Debug|Any CPU
		{6CE8A599-A8A2-499C-81C3-8259A92F4893}.Debug|Any CPU.Build.0 = Debug|Any CPU
		{6CE8A599-A8A2-499C-81C3-8259A92F4893}.Release|Any CPU.ActiveCfg = Release|Any CPU
		{6CE8A599-A8A2-499C-81C3-8259A92F4893}.Release|Any CPU.Build.0 = Release|Any CPU
	EndGlobalSection
	GlobalSection(SolutionProperties) = preSolution
		HideSolutionNode = FALSE
	EndGlobalSection
	GlobalSection(ExtensibilityGlobals) = postSolution
		SolutionGuid = {4C4F8D81-3214-480D-BBDC-94D099C0A420}
	EndGlobalSection
EndGlobal
